// !$*UTF8*$!
{
	archiveVersion = 1;
	classes = {
	};
	objectVersion = 50;
	objects = {

/* Begin PBXBuildFile section */
		5595678D2577782600DC8019 /* AppDelegate.swift in Sources */ = {isa = PBXBuildFile; fileRef = 5595678C2577782600DC8019 /* AppDelegate.swift */; };
		5595678F2577782600DC8019 /* SceneDelegate.swift in Sources */ = {isa = PBXBuildFile; fileRef = 5595678E2577782600DC8019 /* SceneDelegate.swift */; };
		559567912577782600DC8019 /* ViewController.swift in Sources */ = {isa = PBXBuildFile; fileRef = 559567902577782600DC8019 /* ViewController.swift */; };
		559567942577782600DC8019 /* Main.storyboard in Resources */ = {isa = PBXBuildFile; fileRef = 559567922577782600DC8019 /* Main.storyboard */; };
		559567962577782700DC8019 /* Assets.xcassets in Resources */ = {isa = PBXBuildFile; fileRef = 559567952577782700DC8019 /* Assets.xcassets */; };
		559567992577782700DC8019 /* LaunchScreen.storyboard in Resources */ = {isa = PBXBuildFile; fileRef = 559567972577782700DC8019 /* LaunchScreen.storyboard */; };
		559567A42577782800DC8019 /* HW22_TrafficLightTests.swift in Sources */ = {isa = PBXBuildFile; fileRef = 559567A32577782800DC8019 /* HW22_TrafficLightTests.swift */; };
		559567AF2577782800DC8019 /* HW22_TrafficLightUITests.swift in Sources */ = {isa = PBXBuildFile; fileRef = 559567AE2577782800DC8019 /* HW22_TrafficLightUITests.swift */; };
		559567C325777E5500DC8019 /* TrafficLight.swift in Sources */ = {isa = PBXBuildFile; fileRef = 559567C225777E5500DC8019 /* TrafficLight.swift */; };
/* End PBXBuildFile section */

/* Begin PBXContainerItemProxy section */
		559567A02577782800DC8019 /* PBXContainerItemProxy */ = {
			isa = PBXContainerItemProxy;
			containerPortal = 559567812577782500DC8019 /* Project object */;
			proxyType = 1;
			remoteGlobalIDString = 559567882577782600DC8019;
			remoteInfo = HW22_TrafficLight;
		};
		559567AB2577782800DC8019 /* PBXContainerItemProxy */ = {
			isa = PBXContainerItemProxy;
			containerPortal = 559567812577782500DC8019 /* Project object */;
			proxyType = 1;
			remoteGlobalIDString = 559567882577782600DC8019;
			remoteInfo = HW22_TrafficLight;
		};
/* End PBXContainerItemProxy section */

/* Begin PBXFileReference section */
		559567892577782600DC8019 /* HW22_TrafficLight.app */ = {isa = PBXFileReference; explicitFileType = wrapper.application; includeInIndex = 0; path = HW22_TrafficLight.app; sourceTree = BUILT_PRODUCTS_DIR; };
		5595678C2577782600DC8019 /* AppDelegate.swift */ = {isa = PBXFileReference; lastKnownFileType = sourcecode.swift; path = AppDelegate.swift; sourceTree = "<group>"; };
		5595678E2577782600DC8019 /* SceneDelegate.swift */ = {isa = PBXFileReference; lastKnownFileType = sourcecode.swift; path = SceneDelegate.swift; sourceTree = "<group>"; };
		559567902577782600DC8019 /* ViewController.swift */ = {isa = PBXFileReference; lastKnownFileType = sourcecode.swift; path = ViewController.swift; sourceTree = "<group>"; };
		559567932577782600DC8019 /* Base */ = {isa = PBXFileReference; lastKnownFileType = file.storyboard; name = Base; path = Base.lproj/Main.storyboard; sourceTree = "<group>"; };
		559567952577782700DC8019 /* Assets.xcassets */ = {isa = PBXFileReference; lastKnownFileType = folder.assetcatalog; path = Assets.xcassets; sourceTree = "<group>"; };
		559567982577782700DC8019 /* Base */ = {isa = PBXFileReference; lastKnownFileType = file.storyboard; name = Base; path = Base.lproj/LaunchScreen.storyboard; sourceTree = "<group>"; };
		5595679A2577782700DC8019 /* Info.plist */ = {isa = PBXFileReference; lastKnownFileType = text.plist.xml; path = Info.plist; sourceTree = "<group>"; };
		5595679F2577782800DC8019 /* HW22_TrafficLightTests.xctest */ = {isa = PBXFileReference; explicitFileType = wrapper.cfbundle; includeInIndex = 0; path = HW22_TrafficLightTests.xctest; sourceTree = BUILT_PRODUCTS_DIR; };
		559567A32577782800DC8019 /* HW22_TrafficLightTests.swift */ = {isa = PBXFileReference; lastKnownFileType = sourcecode.swift; path = HW22_TrafficLightTests.swift; sourceTree = "<group>"; };
		559567A52577782800DC8019 /* Info.plist */ = {isa = PBXFileReference; lastKnownFileType = text.plist.xml; path = Info.plist; sourceTree = "<group>"; };
		559567AA2577782800DC8019 /* HW22_TrafficLightUITests.xctest */ = {isa = PBXFileReference; explicitFileType = wrapper.cfbundle; includeInIndex = 0; path = HW22_TrafficLightUITests.xctest; sourceTree = BUILT_PRODUCTS_DIR; };
		559567AE2577782800DC8019 /* HW22_TrafficLightUITests.swift */ = {isa = PBXFileReference; lastKnownFileType = sourcecode.swift; path = HW22_TrafficLightUITests.swift; sourceTree = "<group>"; };
		559567B02577782800DC8019 /* Info.plist */ = {isa = PBXFileReference; lastKnownFileType = text.plist.xml; path = Info.plist; sourceTree = "<group>"; };
		559567C225777E5500DC8019 /* TrafficLight.swift */ = {isa = PBXFileReference; lastKnownFileType = sourcecode.swift; path = TrafficLight.swift; sourceTree = "<group>"; };
/* End PBXFileReference section */

/* Begin PBXFrameworksBuildPhase section */
		559567862577782600DC8019 /* Frameworks */ = {
			isa = PBXFrameworksBuildPhase;
			buildActionMask = 2147483647;
			files = (
			);
			runOnlyForDeploymentPostprocessing = 0;
		};
		5595679C2577782800DC8019 /* Frameworks */ = {
			isa = PBXFrameworksBuildPhase;
			buildActionMask = 2147483647;
			files = (
			);
			runOnlyForDeploymentPostprocessing = 0;
		};
		559567A72577782800DC8019 /* Frameworks */ = {
			isa = PBXFrameworksBuildPhase;
			buildActionMask = 2147483647;
			files = (
			);
			runOnlyForDeploymentPostprocessing = 0;
		};
/* End PBXFrameworksBuildPhase section */

/* Begin PBXGroup section */
		559567802577782500DC8019 = {
			isa = PBXGroup;
			children = (
				5595678B2577782600DC8019 /* HW22_TrafficLight */,
				559567A22577782800DC8019 /* HW22_TrafficLightTests */,
				559567AD2577782800DC8019 /* HW22_TrafficLightUITests */,
				5595678A2577782600DC8019 /* Products */,
			);
			sourceTree = "<group>";
		};
		5595678A2577782600DC8019 /* Products */ = {
			isa = PBXGroup;
			children = (
				559567892577782600DC8019 /* HW22_TrafficLight.app */,
				5595679F2577782800DC8019 /* HW22_TrafficLightTests.xctest */,
				559567AA2577782800DC8019 /* HW22_TrafficLightUITests.xctest */,
			);
			name = Products;
			sourceTree = "<group>";
		};
		5595678B2577782600DC8019 /* HW22_TrafficLight */ = {
			isa = PBXGroup;
			children = (
				5595678C2577782600DC8019 /* AppDelegate.swift */,
				5595678E2577782600DC8019 /* SceneDelegate.swift */,
				559567902577782600DC8019 /* ViewController.swift */,
				559567922577782600DC8019 /* Main.storyboard */,
				559567952577782700DC8019 /* Assets.xcassets */,
				559567972577782700DC8019 /* LaunchScreen.storyboard */,
				5595679A2577782700DC8019 /* Info.plist */,
				559567C225777E5500DC8019 /* TrafficLight.swift */,
			);
			path = HW22_TrafficLight;
			sourceTree = "<group>";
		};
		559567A22577782800DC8019 /* HW22_TrafficLightTests */ = {
			isa = PBXGroup;
			children = (
				559567A32577782800DC8019 /* HW22_TrafficLightTests.swift */,
				559567A52577782800DC8019 /* Info.plist */,
			);
			path = HW22_TrafficLightTests;
			sourceTree = "<group>";
		};
		559567AD2577782800DC8019 /* HW22_TrafficLightUITests */ = {
			isa = PBXGroup;
			children = (
				559567AE2577782800DC8019 /* HW22_TrafficLightUITests.swift */,
				559567B02577782800DC8019 /* Info.plist */,
			);
			path = HW22_TrafficLightUITests;
			sourceTree = "<group>";
		};
/* End PBXGroup section */

/* Begin PBXNativeTarget section */
		559567882577782600DC8019 /* HW22_TrafficLight */ = {
			isa = PBXNativeTarget;
			buildConfigurationList = 559567B32577782800DC8019 /* Build configuration list for PBXNativeTarget "HW22_TrafficLight" */;
			buildPhases = (
				559567852577782600DC8019 /* Sources */,
				559567862577782600DC8019 /* Frameworks */,
				559567872577782600DC8019 /* Resources */,
			);
			buildRules = (
			);
			dependencies = (
			);
			name = HW22_TrafficLight;
			productName = HW22_TrafficLight;
			productReference = 559567892577782600DC8019 /* HW22_TrafficLight.app */;
			productType = "com.apple.product-type.application";
		};
		5595679E2577782800DC8019 /* HW22_TrafficLightTests */ = {
			isa = PBXNativeTarget;
			buildConfigurationList = 559567B62577782800DC8019 /* Build configuration list for PBXNativeTarget "HW22_TrafficLightTests" */;
			buildPhases = (
				5595679B2577782800DC8019 /* Sources */,
				5595679C2577782800DC8019 /* Frameworks */,
				5595679D2577782800DC8019 /* Resources */,
			);
			buildRules = (
			);
			dependencies = (
				559567A12577782800DC8019 /* PBXTargetDependency */,
			);
			name = HW22_TrafficLightTests;
			productName = HW22_TrafficLightTests;
			productReference = 5595679F2577782800DC8019 /* HW22_TrafficLightTests.xctest */;
			productType = "com.apple.product-type.bundle.unit-test";
		};
		559567A92577782800DC8019 /* HW22_TrafficLightUITests */ = {
			isa = PBXNativeTarget;
			buildConfigurationList = 559567B92577782800DC8019 /* Build configuration list for PBXNativeTarget "HW22_TrafficLightUITests" */;
			buildPhases = (
				559567A62577782800DC8019 /* Sources */,
				559567A72577782800DC8019 /* Frameworks */,
				559567A82577782800DC8019 /* Resources */,
			);
			buildRules = (
			);
			dependencies = (
				559567AC2577782800DC8019 /* PBXTargetDependency */,
			);
			name = HW22_TrafficLightUITests;
			productName = HW22_TrafficLightUITests;
			productReference = 559567AA2577782800DC8019 /* HW22_TrafficLightUITests.xctest */;
			productType = "com.apple.product-type.bundle.ui-testing";
		};
/* End PBXNativeTarget section */

/* Begin PBXProject section */
		559567812577782500DC8019 /* Project object */ = {
			isa = PBXProject;
			attributes = {
				LastSwiftUpdateCheck = 1210;
				LastUpgradeCheck = 1210;
				TargetAttributes = {
					559567882577782600DC8019 = {
						CreatedOnToolsVersion = 12.1;
					};
					5595679E2577782800DC8019 = {
						CreatedOnToolsVersion = 12.1;
						TestTargetID = 559567882577782600DC8019;
					};
					559567A92577782800DC8019 = {
						CreatedOnToolsVersion = 12.1;
						TestTargetID = 559567882577782600DC8019;
					};
				};
			};
			buildConfigurationList = 559567842577782500DC8019 /* Build configuration list for PBXProject "HW22_TrafficLight" */;
			compatibilityVersion = "Xcode 9.3";
			developmentRegion = en;
			hasScannedForEncodings = 0;
			knownRegions = (
				en,
				Base,
			);
			mainGroup = 559567802577782500DC8019;
			productRefGroup = 5595678A2577782600DC8019 /* Products */;
			projectDirPath = "";
			projectRoot = "";
			targets = (
				559567882577782600DC8019 /* HW22_TrafficLight */,
				5595679E2577782800DC8019 /* HW22_TrafficLightTests */,
				559567A92577782800DC8019 /* HW22_TrafficLightUITests */,
			);
		};
/* End PBXProject section */

/* Begin PBXResourcesBuildPhase section */
		559567872577782600DC8019 /* Resources */ = {
			isa = PBXResourcesBuildPhase;
			buildActionMask = 2147483647;
			files = (
				559567992577782700DC8019 /* LaunchScreen.storyboard in Resources */,
				559567962577782700DC8019 /* Assets.xcassets in Resources */,
				559567942577782600DC8019 /* Main.storyboard in Resources */,
			);
			runOnlyForDeploymentPostprocessing = 0;
		};
		5595679D2577782800DC8019 /* Resources */ = {
			isa = PBXResourcesBuildPhase;
			buildActionMask = 2147483647;
			files = (
			);
			runOnlyForDeploymentPostprocessing = 0;
		};
		559567A82577782800DC8019 /* Resources */ = {
			isa = PBXResourcesBuildPhase;
			buildActionMask = 2147483647;
			files = (
			);
			runOnlyForDeploymentPostprocessing = 0;
		};
/* End PBXResourcesBuildPhase section */

/* Begin PBXSourcesBuildPhase section */
		559567852577782600DC8019 /* Sources */ = {
			isa = PBXSourcesBuildPhase;
			buildActionMask = 2147483647;
			files = (
				559567C325777E5500DC8019 /* TrafficLight.swift in Sources */,
				559567912577782600DC8019 /* ViewController.swift in Sources */,
				5595678D2577782600DC8019 /* AppDelegate.swift in Sources */,
				5595678F2577782600DC8019 /* SceneDelegate.swift in Sources */,
			);
			runOnlyForDeploymentPostprocessing = 0;
		};
		5595679B2577782800DC8019 /* Sources */ = {
			isa = PBXSourcesBuildPhase;
			buildActionMask = 2147483647;
			files = (
				559567A42577782800DC8019 /* HW22_TrafficLightTests.swift in Sources */,
			);
			runOnlyForDeploymentPostprocessing = 0;
		};
		559567A62577782800DC8019 /* Sources */ = {
			isa = PBXSourcesBuildPhase;
			buildActionMask = 2147483647;
			files = (
				559567AF2577782800DC8019 /* HW22_TrafficLightUITests.swift in Sources */,
			);
			runOnlyForDeploymentPostprocessing = 0;
		};
/* End PBXSourcesBuildPhase section */

/* Begin PBXTargetDependency section */
		559567A12577782800DC8019 /* PBXTargetDependency */ = {
			isa = PBXTargetDependency;
			target = 559567882577782600DC8019 /* HW22_TrafficLight */;
			targetProxy = 559567A02577782800DC8019 /* PBXContainerItemProxy */;
		};
		559567AC2577782800DC8019 /* PBXTargetDependency */ = {
			isa = PBXTargetDependency;
			target = 559567882577782600DC8019 /* HW22_TrafficLight */;
			targetProxy = 559567AB2577782800DC8019 /* PBXContainerItemProxy */;
		};
/* End PBXTargetDependency section */

/* Begin PBXVariantGroup section */
		559567922577782600DC8019 /* Main.storyboard */ = {
			isa = PBXVariantGroup;
			children = (
				559567932577782600DC8019 /* Base */,
			);
			name = Main.storyboard;
			sourceTree = "<group>";
		};
		559567972577782700DC8019 /* LaunchScreen.storyboard */ = {
			isa = PBXVariantGroup;
			children = (
				559567982577782700DC8019 /* Base */,
			);
			name = LaunchScreen.storyboard;
			sourceTree = "<group>";
		};
/* End PBXVariantGroup section */

/* Begin XCBuildConfiguration section */
		559567B12577782800DC8019 /* Debug */ = {
			isa = XCBuildConfiguration;
			buildSettings = {
				ALWAYS_SEARCH_USER_PATHS = NO;
				CLANG_ANALYZER_NONNULL = YES;
				CLANG_ANALYZER_NUMBER_OBJECT_CONVERSION = YES_AGGRESSIVE;
				CLANG_CXX_LANGUAGE_STANDARD = "gnu++14";
				CLANG_CXX_LIBRARY = "libc++";
				CLANG_ENABLE_MODULES = YES;
				CLANG_ENABLE_OBJC_ARC = YES;
				CLANG_ENABLE_OBJC_WEAK = YES;
				CLANG_WARN_BLOCK_CAPTURE_AUTORELEASING = YES;
				CLANG_WARN_BOOL_CONVERSION = YES;
				CLANG_WARN_COMMA = YES;
				CLANG_WARN_CONSTANT_CONVERSION = YES;
				CLANG_WARN_DEPRECATED_OBJC_IMPLEMENTATIONS = YES;
				CLANG_WARN_DIRECT_OBJC_ISA_USAGE = YES_ERROR;
				CLANG_WARN_DOCUMENTATION_COMMENTS = YES;
				CLANG_WARN_EMPTY_BODY = YES;
				CLANG_WARN_ENUM_CONVERSION = YES;
				CLANG_WARN_INFINITE_RECURSION = YES;
				CLANG_WARN_INT_CONVERSION = YES;
				CLANG_WARN_NON_LITERAL_NULL_CONVERSION = YES;
				CLANG_WARN_OBJC_IMPLICIT_RETAIN_SELF = YES;
				CLANG_WARN_OBJC_LITERAL_CONVERSION = YES;
				CLANG_WARN_OBJC_ROOT_CLASS = YES_ERROR;
				CLANG_WARN_QUOTED_INCLUDE_IN_FRAMEWORK_HEADER = YES;
				CLANG_WARN_RANGE_LOOP_ANALYSIS = YES;
				CLANG_WARN_STRICT_PROTOTYPES = YES;
				CLANG_WARN_SUSPICIOUS_MOVE = YES;
				CLANG_WARN_UNGUARDED_AVAILABILITY = YES_AGGRESSIVE;
				CLANG_WARN_UNREACHABLE_CODE = YES;
				CLANG_WARN__DUPLICATE_METHOD_MATCH = YES;
				COPY_PHASE_STRIP = NO;
				DEBUG_INFORMATION_FORMAT = dwarf;
				ENABLE_STRICT_OBJC_MSGSEND = YES;
				ENABLE_TESTABILITY = YES;
				GCC_C_LANGUAGE_STANDARD = gnu11;
				GCC_DYNAMIC_NO_PIC = NO;
				GCC_NO_COMMON_BLOCKS = YES;
				GCC_OPTIMIZATION_LEVEL = 0;
				GCC_PREPROCESSOR_DEFINITIONS = (
					"DEBUG=1",
					"$(inherited)",
				);
				GCC_WARN_64_TO_32_BIT_CONVERSION = YES;
				GCC_WARN_ABOUT_RETURN_TYPE = YES_ERROR;
				GCC_WARN_UNDECLARED_SELECTOR = YES;
				GCC_WARN_UNINITIALIZED_AUTOS = YES_AGGRESSIVE;
				GCC_WARN_UNUSED_FUNCTION = YES;
				GCC_WARN_UNUSED_VARIABLE = YES;
				IPHONEOS_DEPLOYMENT_TARGET = 14.1;
				MTL_ENABLE_DEBUG_INFO = INCLUDE_SOURCE;
				MTL_FAST_MATH = YES;
				ONLY_ACTIVE_ARCH = YES;
				SDKROOT = iphoneos;
				SWIFT_ACTIVE_COMPILATION_CONDITIONS = DEBUG;
				SWIFT_OPTIMIZATION_LEVEL = "-Onone";
			};
			name = Debug;
		};
		559567B22577782800DC8019 /* Release */ = {
			isa = XCBuildConfiguration;
			buildSettings = {
				ALWAYS_SEARCH_USER_PATHS = NO;
				CLANG_ANALYZER_NONNULL = YES;
				CLANG_ANALYZER_NUMBER_OBJECT_CONVERSION = YES_AGGRESSIVE;
				CLANG_CXX_LANGUAGE_STANDARD = "gnu++14";
				CLANG_CXX_LIBRARY = "libc++";
				CLANG_ENABLE_MODULES = YES;
				CLANG_ENABLE_OBJC_ARC = YES;
				CLANG_ENABLE_OBJC_WEAK = YES;
				CLANG_WARN_BLOCK_CAPTURE_AUTORELEASING = YES;
				CLANG_WARN_BOOL_CONVERSION = YES;
				CLANG_WARN_COMMA = YES;
				CLANG_WARN_CONSTANT_CONVERSION = YES;
				CLANG_WARN_DEPRECATED_OBJC_IMPLEMENTATIONS = YES;
				CLANG_WARN_DIRECT_OBJC_ISA_USAGE = YES_ERROR;
				CLANG_WARN_DOCUMENTATION_COMMENTS = YES;
				CLANG_WARN_EMPTY_BODY = YES;
				CLANG_WARN_ENUM_CONVERSION = YES;
				CLANG_WARN_INFINITE_RECURSION = YES;
				CLANG_WARN_INT_CONVERSION = YES;
				CLANG_WARN_NON_LITERAL_NULL_CONVERSION = YES;
				CLANG_WARN_OBJC_IMPLICIT_RETAIN_SELF = YES;
				CLANG_WARN_OBJC_LITERAL_CONVERSION = YES;
				CLANG_WARN_OBJC_ROOT_CLASS = YES_ERROR;
				CLANG_WARN_QUOTED_INCLUDE_IN_FRAMEWORK_HEADER = YES;
				CLANG_WARN_RANGE_LOOP_ANALYSIS = YES;
				CLANG_WARN_STRICT_PROTOTYPES = YES;
				CLANG_WARN_SUSPICIOUS_MOVE = YES;
				CLANG_WARN_UNGUARDED_AVAILABILITY = YES_AGGRESSIVE;
				CLANG_WARN_UNREACHABLE_CODE = YES;
				CLANG_WARN__DUPLICATE_METHOD_MATCH = YES;
				COPY_PHASE_STRIP = NO;
				DEBUG_INFORMATION_FORMAT = "dwarf-with-dsym";
				ENABLE_NS_ASSERTIONS = NO;
				ENABLE_STRICT_OBJC_MSGSEND = YES;
				GCC_C_LANGUAGE_STANDARD = gnu11;
				GCC_NO_COMMON_BLOCKS = YES;
				GCC_WARN_64_TO_32_BIT_CONVERSION = YES;
				GCC_WARN_ABOUT_RETURN_TYPE = YES_ERROR;
				GCC_WARN_UNDECLARED_SELECTOR = YES;
				GCC_WARN_UNINITIALIZED_AUTOS = YES_AGGRESSIVE;
				GCC_WARN_UNUSED_FUNCTION = YES;
				GCC_WARN_UNUSED_VARIABLE = YES;
				IPHONEOS_DEPLOYMENT_TARGET = 14.1;
				MTL_ENABLE_DEBUG_INFO = NO;
				MTL_FAST_MATH = YES;
				SDKROOT = iphoneos;
				SWIFT_COMPILATION_MODE = wholemodule;
				SWIFT_OPTIMIZATION_LEVEL = "-O";
				VALIDATE_PRODUCT = YES;
			};
			name = Release;
		};
		559567B42577782800DC8019 /* Debug */ = {
			isa = XCBuildConfiguration;
			buildSettings = {
				ASSETCATALOG_COMPILER_APPICON_NAME = AppIcon;
				ASSETCATALOG_COMPILER_GLOBAL_ACCENT_COLOR_NAME = AccentColor;
				CODE_SIGN_STYLE = Automatic;
				DEVELOPMENT_TEAM = 897Q38B98W;
				INFOPLIST_FILE = HW22_TrafficLight/Info.plist;
				LD_RUNPATH_SEARCH_PATHS = (
					"$(inherited)",
					"@executable_path/Frameworks",
				);
				PRODUCT_BUNDLE_IDENTIFIER = "kz.andruxa.HW22-TrafficLight";
				PRODUCT_NAME = "$(TARGET_NAME)";
				SWIFT_VERSION = 5.0;
				TARGETED_DEVICE_FAMILY = 1;
			};
			name = Debug;
		};
		559567B52577782800DC8019 /* Release */ = {
			isa = XCBuildConfiguration;
			buildSettings = {
				ASSETCATALOG_COMPILER_APPICON_NAME = AppIcon;
				ASSETCATALOG_COMPILER_GLOBAL_ACCENT_COLOR_NAME = AccentColor;
				CODE_SIGN_STYLE = Automatic;
				DEVELOPMENT_TEAM = 897Q38B98W;
				INFOPLIST_FILE = HW22_TrafficLight/Info.plist;
				LD_RUNPATH_SEARCH_PATHS = (
					"$(inherited)",
					"@executable_path/Frameworks",
				);
				PRODUCT_BUNDLE_IDENTIFIER = "kz.andruxa.HW22-TrafficLight";
				PRODUCT_NAME = "$(TARGET_NAME)";
				SWIFT_VERSION = 5.0;
				TARGETED_DEVICE_FAMILY = 1;
			};
			name = Release;
		};
		559567B72577782800DC8019 /* Debug */ = {
			isa = XCBuildConfiguration;
			buildSettings = {
				ALWAYS_EMBED_SWIFT_STANDARD_LIBRARIES = YES;
				BUNDLE_LOADER = "$(TEST_HOST)";
				CODE_SIGN_STYLE = Automatic;
				DEVELOPMENT_TEAM = 897Q38B98W;
				INFOPLIST_FILE = HW22_TrafficLightTests/Info.plist;
				IPHONEOS_DEPLOYMENT_TARGET = 14.1;
				LD_RUNPATH_SEARCH_PATHS = (
					"$(inherited)",
					"@executable_path/Frameworks",
					"@loader_path/Frameworks",
				);
				PRODUCT_BUNDLE_IDENTIFIER = "kz.andruxa.HW22-TrafficLightTests";
				PRODUCT_NAME = "$(TARGET_NAME)";
				SWIFT_VERSION = 5.0;
				TARGETED_DEVICE_FAMILY = "1,2";
				TEST_HOST = "$(BUILT_PRODUCTS_DIR)/HW22_TrafficLight.app/HW22_TrafficLight";
			};
			name = Debug;
		};
		559567B82577782800DC8019 /* Release */ = {
			isa = XCBuildConfiguration;
			buildSettings = {
				ALWAYS_EMBED_SWIFT_STANDARD_LIBRARIES = YES;
				BUNDLE_LOADER = "$(TEST_HOST)";
				CODE_SIGN_STYLE = Automatic;
				DEVELOPMENT_TEAM = 897Q38B98W;
				INFOPLIST_FILE = HW22_TrafficLightTests/Info.plist;
				IPHONEOS_DEPLOYMENT_TARGET = 14.1;
				LD_RUNPATH_SEARCH_PATHS = (
					"$(inherited)",
					"@executable_path/Frameworks",
					"@loader_path/Frameworks",
				);
				PRODUCT_BUNDLE_IDENTIFIER = "kz.andruxa.HW22-TrafficLightTests";
				PRODUCT_NAME = "$(TARGET_NAME)";
				SWIFT_VERSION = 5.0;
				TARGETED_DEVICE_FAMILY = "1,2";
				TEST_HOST = "$(BUILT_PRODUCTS_DIR)/HW22_TrafficLight.app/HW22_TrafficLight";
			};
			name = Release;
		};
		559567BA2577782800DC8019 /* Debug */ = {
			isa = XCBuildConfiguration;
			buildSettings = {
				ALWAYS_EMBED_SWIFT_STANDARD_LIBRARIES = YES;
				CODE_SIGN_STYLE = Automatic;
				DEVELOPMENT_TEAM = 897Q38B98W;
				INFOPLIST_FILE = HW22_TrafficLightUITests/Info.plist;
				LD_RUNPATH_SEARCH_PATHS = (
					"$(inherited)",
					"@executable_path/Frameworks",
					"@loader_path/Frameworks",
				);
				PRODUCT_BUNDLE_IDENTIFIER = "kz.andruxa.HW22-TrafficLightUITests";
				PRODUCT_NAME = "$(TARGET_NAME)";
				SWIFT_VERSION = 5.0;
				TARGETED_DEVICE_FAMILY = "1,2";
				TEST_TARGET_NAME = HW22_TrafficLight;
			};
			name = Debug;
		};
		559567BB2577782800DC8019 /* Release */ = {
			isa = XCBuildConfiguration;
			buildSettings = {
				ALWAYS_EMBED_SWIFT_STANDARD_LIBRARIES = YES;
				CODE_SIGN_STYLE = Automatic;
				DEVELOPMENT_TEAM = 897Q38B98W;
				INFOPLIST_FILE = HW22_TrafficLightUITests/Info.plist;
				LD_RUNPATH_SEARCH_PATHS = (
					"$(inherited)",
					"@executable_path/Frameworks",
					"@loader_path/Frameworks",
				);
				PRODUCT_BUNDLE_IDENTIFIER = "kz.andruxa.HW22-TrafficLightUITests";
				PRODUCT_NAME = "$(TARGET_NAME)";
				SWIFT_VERSION = 5.0;
				TARGETED_DEVICE_FAMILY = "1,2";
				TEST_TARGET_NAME = HW22_TrafficLight;
			};
			name = Release;
		};
/* End XCBuildConfiguration section */

/* Begin XCConfigurationList section */
		559567842577782500DC8019 /* Build configuration list for PBXProject "HW22_TrafficLight" */ = {
			isa = XCConfigurationList;
			buildConfigurations = (
				559567B12577782800DC8019 /* Debug */,
				559567B22577782800DC8019 /* Release */,
			);
			defaultConfigurationIsVisible = 0;
			defaultConfigurationName = Release;
		};
		559567B32577782800DC8019 /* Build configuration list for PBXNativeTarget "HW22_TrafficLight" */ = {
			isa = XCConfigurationList;
			buildConfigurations = (
				559567B42577782800DC8019 /* Debug */,
				559567B52577782800DC8019 /* Release */,
			);
			defaultConfigurationIsVisible = 0;
			defaultConfigurationName = Release;
		};
		559567B62577782800DC8019 /* Build configuration list for PBXNativeTarget "HW22_TrafficLightTests" */ = {
			isa = XCConfigurationList;
			buildConfigurations = (
				559567B72577782800DC8019 /* Debug */,
				559567B82577782800DC8019 /* Release */,
			);
			defaultConfigurationIsVisible = 0;
			defaultConfigurationName = Release;
		};
		559567B92577782800DC8019 /* Build configuration list for PBXNativeTarget "HW22_TrafficLightUITests" */ = {
			isa = XCConfigurationList;
			buildConfigurations = (
				559567BA2577782800DC8019 /* Debug */,
				559567BB2577782800DC8019 /* Release */,
			);
			defaultConfigurationIsVisible = 0;
			defaultConfigurationName = Release;
		};
/* End XCConfigurationList section */
	};
	rootObject = 559567812577782500DC8019 /* Project object */;
}
